// !$*UTF8*$!
{
	archiveVersion = 1;
	classes = {
	};
	objectVersion = 46;
	objects = {

/* Begin PBXBuildFile section */
		9EA176691E35838D00A036CD /* DetailViewController.swift in Sources */ = {isa = PBXBuildFile; fileRef = 9EA176681E35838D00A036CD /* DetailViewController.swift */; };
		9EFAFA201E32730D003D14A1 /* AppDelegate.swift in Sources */ = {isa = PBXBuildFile; fileRef = 9EFAFA1F1E32730D003D14A1 /* AppDelegate.swift */; };
		9EFAFA221E32730D003D14A1 /* ViewController.swift in Sources */ = {isa = PBXBuildFile; fileRef = 9EFAFA211E32730D003D14A1 /* ViewController.swift */; };
		9EFAFA251E32730D003D14A1 /* Main.storyboard in Resources */ = {isa = PBXBuildFile; fileRef = 9EFAFA231E32730D003D14A1 /* Main.storyboard */; };
		9EFAFA271E32730D003D14A1 /* Assets.xcassets in Resources */ = {isa = PBXBuildFile; fileRef = 9EFAFA261E32730D003D14A1 /* Assets.xcassets */; };
		9EFAFA2A1E32730D003D14A1 /* LaunchScreen.storyboard in Resources */ = {isa = PBXBuildFile; fileRef = 9EFAFA281E32730D003D14A1 /* LaunchScreen.storyboard */; };
/* End PBXBuildFile section */

/* Begin PBXFileReference section */
		9EA176681E35838D00A036CD /* DetailViewController.swift */ = {isa = PBXFileReference; fileEncoding = 4; lastKnownFileType = sourcecode.swift; path = DetailViewController.swift; sourceTree = "<group>"; };
		9EFAFA1C1E32730D003D14A1 /* PhotoFrameworkDemo.app */ = {isa = PBXFileReference; explicitFileType = wrapper.application; includeInIndex = 0; path = PhotoFrameworkDemo.app; sourceTree = BUILT_PRODUCTS_DIR; };
		9EFAFA1F1E32730D003D14A1 /* AppDelegate.swift */ = {isa = PBXFileReference; lastKnownFileType = sourcecode.swift; path = AppDelegate.swift; sourceTree = "<group>"; };
		9EFAFA211E32730D003D14A1 /* ViewController.swift */ = {isa = PBXFileReference; lastKnownFileType = sourcecode.swift; path = ViewController.swift; sourceTree = "<group>"; };
		9EFAFA241E32730D003D14A1 /* Base */ = {isa = PBXFileReference; lastKnownFileType = file.storyboard; name = Base; path = Base.lproj/Main.storyboard; sourceTree = "<group>"; };
		9EFAFA261E32730D003D14A1 /* Assets.xcassets */ = {isa = PBXFileReference; lastKnownFileType = folder.assetcatalog; path = Assets.xcassets; sourceTree = "<group>"; };
		9EFAFA291E32730D003D14A1 /* Base */ = {isa = PBXFileReference; lastKnownFileType = file.storyboard; name = Base; path = Base.lproj/LaunchScreen.storyboard; sourceTree = "<group>"; };
		9EFAFA2B1E32730D003D14A1 /* Info.plist */ = {isa = PBXFileReference; lastKnownFileType = text.plist.xml; path = Info.plist; sourceTree = "<group>"; };
/* End PBXFileReference section */

/* Begin PBXFrameworksBuildPhase section */
		9EFAFA191E32730D003D14A1 /* Frameworks */ = {
			isa = PBXFrameworksBuildPhase;
			buildActionMask = 2147483647;
			files = (
			);
			runOnlyForDeploymentPostprocessing = 0;
		};
/* End PBXFrameworksBuildPhase section */

/* Begin PBXGroup section */
		9EFAFA131E32730D003D14A1 = {
			isa = PBXGroup;
			children = (
				9EFAFA1E1E32730D003D14A1 /* PhotoFrameworkDemo */,
				9EFAFA1D1E32730D003D14A1 /* Products */,
			);
			sourceTree = "<group>";
		};
		9EFAFA1D1E32730D003D14A1 /* Products */ = {
			isa = PBXGroup;
			children = (
				9EFAFA1C1E32730D003D14A1 /* PhotoFrameworkDemo.app */,
			);
			name = Products;
			sourceTree = "<group>";
		};
		9EFAFA1E1E32730D003D14A1 /* PhotoFrameworkDemo */ = {
			isa = PBXGroup;
			children = (
				9EFAFA1F1E32730D003D14A1 /* AppDelegate.swift */,
				9EFAFA211E32730D003D14A1 /* ViewController.swift */,
				9EFAFA231E32730D003D14A1 /* Main.storyboard */,
				9EFAFA261E32730D003D14A1 /* Assets.xcassets */,
				9EFAFA281E32730D003D14A1 /* LaunchScreen.storyboard */,
				9EFAFA2B1E32730D003D14A1 /* Info.plist */,
				9EA176681E35838D00A036CD /* DetailViewController.swift */,
			);
			path = PhotoFrameworkDemo;
			sourceTree = "<group>";
		};
/* End PBXGroup section */

/* Begin PBXNativeTarget section */
		9EFAFA1B1E32730D003D14A1 /* PhotoFrameworkDemo */ = {
			isa = PBXNativeTarget;
			buildConfigurationList = 9EFAFA2E1E32730D003D14A1 /* Build configuration list for PBXNativeTarget "PhotoFrameworkDemo" */;
			buildPhases = (
				9EFAFA181E32730D003D14A1 /* Sources */,
				9EFAFA191E32730D003D14A1 /* Frameworks */,
				9EFAFA1A1E32730D003D14A1 /* Resources */,
			);
			buildRules = (
			);
			dependencies = (
			);
			name = PhotoFrameworkDemo;
			productName = PhotoFrameworkDemo;
			productReference = 9EFAFA1C1E32730D003D14A1 /* PhotoFrameworkDemo.app */;
			productType = "com.apple.product-type.application";
		};
/* End PBXNativeTarget section */

/* Begin PBXProject section */
		9EFAFA141E32730D003D14A1 /* Project object */ = {
			isa = PBXProject;
			attributes = {
				LastSwiftUpdateCheck = 0820;
				LastUpgradeCheck = 0820;
				ORGANIZATIONNAME = "Victor Zhong";
				TargetAttributes = {
					9EFAFA1B1E32730D003D14A1 = {
						CreatedOnToolsVersion = 8.2.1;
						DevelopmentTeam = RKDEZ4QK32;
						ProvisioningStyle = Automatic;
					};
				};
			};
			buildConfigurationList = 9EFAFA171E32730D003D14A1 /* Build configuration list for PBXProject "PhotoFrameworkDemo" */;
			compatibilityVersion = "Xcode 3.2";
			developmentRegion = English;
			hasScannedForEncodings = 0;
			knownRegions = (
				en,
				Base,
			);
			mainGroup = 9EFAFA131E32730D003D14A1;
			productRefGroup = 9EFAFA1D1E32730D003D14A1 /* Products */;
			projectDirPath = "";
			projectRoot = "";
			targets = (
				9EFAFA1B1E32730D003D14A1 /* PhotoFrameworkDemo */,
			);
		};
/* End PBXProject section */

/* Begin PBXResourcesBuildPhase section */
		9EFAFA1A1E32730D003D14A1 /* Resources */ = {
			isa = PBXResourcesBuildPhase;
			buildActionMask = 2147483647;
			files = (
				9EFAFA2A1E32730D003D14A1 /* LaunchScreen.storyboard in Resources */,
				9EFAFA271E32730D003D14A1 /* Assets.xcassets in Resources */,
				9EFAFA251E32730D003D14A1 /* Main.storyboard in Resources */,
			);
			runOnlyForDeploymentPostprocessing = 0;
		};
/* End PBXResourcesBuildPhase section */

/* Begin PBXSourcesBuildPhase section */
		9EFAFA181E32730D003D14A1 /* Sources */ = {
			isa = PBXSourcesBuildPhase;
			buildActionMask = 2147483647;
			files = (
				9EA176691E35838D00A036CD /* DetailViewController.swift in Sources */,
				9EFAFA221E32730D003D14A1 /* ViewController.swift in Sources */,
				9EFAFA201E32730D003D14A1 /* AppDelegate.swift in Sources */,
			);
			runOnlyForDeploymentPostprocessing = 0;
		};
/* End PBXSourcesBuildPhase section */

/* Begin PBXVariantGroup section */
		9EFAFA231E32730D003D14A1 /* Main.storyboard */ = {
			isa = PBXVariantGroup;
			children = (
				9EFAFA241E32730D003D14A1 /* Base */,
			);
			name = Main.storyboard;
			sourceTree = "<group>";
		};
		9EFAFA281E32730D003D14A1 /* LaunchScreen.storyboard */ = {
			isa = PBXVariantGroup;
			children = (
				9EFAFA291E32730D003D14A1 /* Base */,
			);
			name = LaunchScreen.storyboard;
			sourceTree = "<group>";
		};
/* End PBXVariantGroup section */

/* Begin XCBuildConfiguration section */
		9EFAFA2C1E32730D003D14A1 /* Debug */ = {
			isa = XCBuildConfiguration;
			buildSettings = {
				ALWAYS_SEARCH_USER_PATHS = NO;
				CLANG_ANALYZER_NONNULL = YES;
				CLANG_CXX_LANGUAGE_STANDARD = "gnu++0x";
				CLANG_CXX_LIBRARY = "libc++";
				CLANG_ENABLE_MODULES = YES;
				CLANG_ENABLE_OBJC_ARC = YES;
				CLANG_WARN_BOOL_CONVERSION = YES;
				CLANG_WARN_CONSTANT_CONVERSION = YES;
				CLANG_WARN_DIRECT_OBJC_ISA_USAGE = YES_ERROR;
				CLANG_WARN_DOCUMENTATION_COMMENTS = YES;
				CLANG_WARN_EMPTY_BODY = YES;
				CLANG_WARN_ENUM_CONVERSION = YES;
				CLANG_WARN_INFINITE_RECURSION = YES;
				CLANG_WARN_INT_CONVERSION = YES;
				CLANG_WARN_OBJC_ROOT_CLASS = YES_ERROR;
				CLANG_WARN_SUSPICIOUS_MOVE = YES;
				CLANG_WARN_UNREACHABLE_CODE = YES;
				CLANG_WARN__DUPLICATE_METHOD_MATCH = YES;
				"CODE_SIGN_IDENTITY[sdk=iphoneos*]" = "iPhone Developer";
				COPY_PHASE_STRIP = NO;
				DEBUG_INFORMATION_FORMAT = dwarf;
				ENABLE_STRICT_OBJC_MSGSEND = YES;
				ENABLE_TESTABILITY = YES;
				GCC_C_LANGUAGE_STANDARD = gnu99;
				GCC_DYNAMIC_NO_PIC = NO;
				GCC_NO_COMMON_BLOCKS = YES;
				GCC_OPTIMIZATION_LEVEL = 0;
				GCC_PREPROCESSOR_DEFINITIONS = (
					"DEBUG=1",
					"$(inherited)",
				);
				GCC_WARN_64_TO_32_BIT_CONVERSION = YES;
				GCC_WARN_ABOUT_RETURN_TYPE = YES_ERROR;
				GCC_WARN_UNDECLARED_SELECTOR = YES;
				GCC_WARN_UNINITIALIZED_AUTOS = YES_AGGRESSIVE;
				GCC_WARN_UNUSED_FUNCTION = YES;
				GCC_WARN_UNUSED_VARIABLE = YES;
				IPHONEOS_DEPLOYMENT_TARGET = 10.2;
				MTL_ENABLE_DEBUG_INFO = YES;
				ONLY_ACTIVE_ARCH = YES;
				SDKROOT = iphoneos;
				SWIFT_ACTIVE_COMPILATION_CONDITIONS = DEBUG;
				SWIFT_OPTIMIZATION_LEVEL = "-Onone";
				TARGETED_DEVICE_FAMILY = "1,2";
			};
			name = Debug;
		};
		9EFAFA2D1E32730D003D14A1 /* Release */ = {
			isa = XCBuildConfiguration;
			buildSettings = {
				ALWAYS_SEARCH_USER_PATHS = NO;
				CLANG_ANALYZER_NONNULL = YES;
				CLANG_CXX_LANGUAGE_STANDARD = "gnu++0x";
				CLANG_CXX_LIBRARY = "libc++";
				CLANG_ENABLE_MODULES = YES;
				CLANG_ENABLE_OBJC_ARC = YES;
				CLANG_WARN_BOOL_CONVERSION = YES;
				CLANG_WARN_CONSTANT_CONVERSION = YES;
				CLANG_WARN_DIRECT_OBJC_ISA_USAGE = YES_ERROR;
				CLANG_WARN_DOCUMENTATION_COMMENTS = YES;
				CLANG_WARN_EMPTY_BODY = YES;
				CLANG_WARN_ENUM_CONVERSION = YES;
				CLANG_WARN_INFINITE_RECURSION = YES;
				CLANG_WARN_INT_CONVERSION = YES;
				CLANG_WARN_OBJC_ROOT_CLASS = YES_ERROR;
				CLANG_WARN_SUSPICIOUS_MOVE = YES;
				CLANG_WARN_UNREACHABLE_CODE = YES;
				CLANG_WARN__DUPLICATE_METHOD_MATCH = YES;
				"CODE_SIGN_IDENTITY[sdk=iphoneos*]" = "iPhone Developer";
				COPY_PHASE_STRIP = NO;
				DEBUG_INFORMATION_FORMAT = "dwarf-with-dsym";
				ENABLE_NS_ASSERTIONS = NO;
				ENABLE_STRICT_OBJC_MSGSEND = YES;
				GCC_C_LANGUAGE_STANDARD = gnu99;
				GCC_NO_COMMON_BLOCKS = YES;
				GCC_WARN_64_TO_32_BIT_CONVERSION = YES;
				GCC_WARN_ABOUT_RETURN_TYPE = YES_ERROR;
				GCC_WARN_UNDECLARED_SELECTOR = YES;
				GCC_WARN_UNINITIALIZED_AUTOS = YES_AGGRESSIVE;
				GCC_WARN_UNUSED_FUNCTION = YES;
				GCC_WARN_UNUSED_VARIABLE = YES;
				IPHONEOS_DEPLOYMENT_TARGET = 10.2;
				MTL_ENABLE_DEBUG_INFO = NO;
				SDKROOT = iphoneos;
				SWIFT_OPTIMIZATION_LEVEL = "-Owholemodule";
				TARGETED_DEVICE_FAMILY = "1,2";
				VALIDATE_PRODUCT = YES;
			};
			name = Release;
		};
		9EFAFA2F1E32730D003D14A1 /* Debug */ = {
			isa = XCBuildConfiguration;
			buildSettings = {
				ASSETCATALOG_COMPILER_APPICON_NAME = AppIcon;
				DEVELOPMENT_TEAM = RKDEZ4QK32;
				INFOPLIST_FILE = PhotoFrameworkDemo/Info.plist;
				LD_RUNPATH_SEARCH_PATHS = "$(inherited) @executable_path/Frameworks";
				PRODUCT_BUNDLE_IDENTIFIER = nyc.c4q.viczhong.PhotoFrameworkDemo;
				PRODUCT_NAME = "$(TARGET_NAME)";
				SWIFT_VERSION = 3.0;
			};
			name = Debug;
		};
		9EFAFA301E32730D003D14A1 /* Release */ = {
			isa = XCBuildConfiguration;
			buildSettings = {
				ASSETCATALOG_COMPILER_APPICON_NAME = AppIcon;
				DEVELOPMENT_TEAM = RKDEZ4QK32;
				INFOPLIST_FILE = PhotoFrameworkDemo/Info.plist;
				LD_RUNPATH_SEARCH_PATHS = "$(inherited) @executable_path/Frameworks";
				PRODUCT_BUNDLE_IDENTIFIER = nyc.c4q.viczhong.PhotoFrameworkDemo;
				PRODUCT_NAME = "$(TARGET_NAME)";
				SWIFT_VERSION = 3.0;
			};
			name = Release;
		};
/* End XCBuildConfiguration section */

/* Begin XCConfigurationList section */
		9EFAFA171E32730D003D14A1 /* Build configuration list for PBXProject "PhotoFrameworkDemo" */ = {
			isa = XCConfigurationList;
			buildConfigurations = (
				9EFAFA2C1E32730D003D14A1 /* Debug */,
				9EFAFA2D1E32730D003D14A1 /* Release */,
			);
			defaultConfigurationIsVisible = 0;
			defaultConfigurationName = Release;
		};
		9EFAFA2E1E32730D003D14A1 /* Build configuration list for PBXNativeTarget "PhotoFrameworkDemo" */ = {
			isa = XCConfigurationList;
			buildConfigurations = (
				9EFAFA2F1E32730D003D14A1 /* Debug */,
				9EFAFA301E32730D003D14A1 /* Release */,
			);
			defaultConfigurationIsVisible = 0;
			defaultConfigurationName = Release;
		};
/* End XCConfigurationList section */
	};
	rootObject = 9EFAFA141E32730D003D14A1 /* Project object */;
}
