// !$*UTF8*$!
{
	archiveVersion = 1;
	classes = {
	};
	objectVersion = 46;
	objects = {

/* Begin PBXBuildFile section */
		B96D023E1E36442800F5D2E0 /* AppDelegate.swift in Sources */ = {isa = PBXBuildFile; fileRef = B96D023D1E36442800F5D2E0 /* AppDelegate.swift */; };
		B96D02401E36442800F5D2E0 /* ViewController.swift in Sources */ = {isa = PBXBuildFile; fileRef = B96D023F1E36442800F5D2E0 /* ViewController.swift */; };
		B96D02431E36442800F5D2E0 /* Main.storyboard in Resources */ = {isa = PBXBuildFile; fileRef = B96D02411E36442800F5D2E0 /* Main.storyboard */; };
		B96D02451E36442800F5D2E0 /* Assets.xcassets in Resources */ = {isa = PBXBuildFile; fileRef = B96D02441E36442800F5D2E0 /* Assets.xcassets */; };
		B96D02481E36442800F5D2E0 /* LaunchScreen.storyboard in Resources */ = {isa = PBXBuildFile; fileRef = B96D02461E36442800F5D2E0 /* LaunchScreen.storyboard */; };
		B96D02501E3644BF00F5D2E0 /* TableViewController.swift in Sources */ = {isa = PBXBuildFile; fileRef = B96D024F1E3644BF00F5D2E0 /* TableViewController.swift */; };
/* End PBXBuildFile section */

/* Begin PBXFileReference section */
		B96D023A1E36442800F5D2E0 /* PhImageHomeWork.app */ = {isa = PBXFileReference; explicitFileType = wrapper.application; includeInIndex = 0; path = PhImageHomeWork.app; sourceTree = BUILT_PRODUCTS_DIR; };
		B96D023D1E36442800F5D2E0 /* AppDelegate.swift */ = {isa = PBXFileReference; lastKnownFileType = sourcecode.swift; path = AppDelegate.swift; sourceTree = "<group>"; };
		B96D023F1E36442800F5D2E0 /* ViewController.swift */ = {isa = PBXFileReference; lastKnownFileType = sourcecode.swift; path = ViewController.swift; sourceTree = "<group>"; };
		B96D02421E36442800F5D2E0 /* Base */ = {isa = PBXFileReference; lastKnownFileType = file.storyboard; name = Base; path = Base.lproj/Main.storyboard; sourceTree = "<group>"; };
		B96D02441E36442800F5D2E0 /* Assets.xcassets */ = {isa = PBXFileReference; lastKnownFileType = folder.assetcatalog; path = Assets.xcassets; sourceTree = "<group>"; };
		B96D02471E36442800F5D2E0 /* Base */ = {isa = PBXFileReference; lastKnownFileType = file.storyboard; name = Base; path = Base.lproj/LaunchScreen.storyboard; sourceTree = "<group>"; };
		B96D02491E36442800F5D2E0 /* Info.plist */ = {isa = PBXFileReference; lastKnownFileType = text.plist.xml; path = Info.plist; sourceTree = "<group>"; };
		B96D024F1E3644BF00F5D2E0 /* TableViewController.swift */ = {isa = PBXFileReference; fileEncoding = 4; lastKnownFileType = sourcecode.swift; path = TableViewController.swift; sourceTree = "<group>"; };
/* End PBXFileReference section */

/* Begin PBXFrameworksBuildPhase section */
		B96D02371E36442800F5D2E0 /* Frameworks */ = {
			isa = PBXFrameworksBuildPhase;
			buildActionMask = 2147483647;
			files = (
			);
			runOnlyForDeploymentPostprocessing = 0;
		};
/* End PBXFrameworksBuildPhase section */

/* Begin PBXGroup section */
		B96D02311E36442800F5D2E0 = {
			isa = PBXGroup;
			children = (
				B96D023C1E36442800F5D2E0 /* PhImageHomeWork */,
				B96D023B1E36442800F5D2E0 /* Products */,
			);
			sourceTree = "<group>";
		};
		B96D023B1E36442800F5D2E0 /* Products */ = {
			isa = PBXGroup;
			children = (
				B96D023A1E36442800F5D2E0 /* PhImageHomeWork.app */,
			);
			name = Products;
			sourceTree = "<group>";
		};
		B96D023C1E36442800F5D2E0 /* PhImageHomeWork */ = {
			isa = PBXGroup;
			children = (
				B96D02411E36442800F5D2E0 /* Main.storyboard */,
				B96D024F1E3644BF00F5D2E0 /* TableViewController.swift */,
				B96D023F1E36442800F5D2E0 /* ViewController.swift */,
				B96D02511E3646AB00F5D2E0 /* SupportingFiles */,
			);
			path = PhImageHomeWork;
			sourceTree = "<group>";
		};
		B96D02511E3646AB00F5D2E0 /* SupportingFiles */ = {
			isa = PBXGroup;
			children = (
				B96D023D1E36442800F5D2E0 /* AppDelegate.swift */,
				B96D02441E36442800F5D2E0 /* Assets.xcassets */,
				B96D02461E36442800F5D2E0 /* LaunchScreen.storyboard */,
				B96D02491E36442800F5D2E0 /* Info.plist */,
			);
			name = SupportingFiles;
			sourceTree = "<group>";
		};
/* End PBXGroup section */

/* Begin PBXNativeTarget section */
		B96D02391E36442800F5D2E0 /* PhImageHomeWork */ = {
			isa = PBXNativeTarget;
			buildConfigurationList = B96D024C1E36442800F5D2E0 /* Build configuration list for PBXNativeTarget "PhImageHomeWork" */;
			buildPhases = (
				B96D02361E36442800F5D2E0 /* Sources */,
				B96D02371E36442800F5D2E0 /* Frameworks */,
				B96D02381E36442800F5D2E0 /* Resources */,
			);
			buildRules = (
			);
			dependencies = (
			);
			name = PhImageHomeWork;
			productName = PhImageHomeWork;
			productReference = B96D023A1E36442800F5D2E0 /* PhImageHomeWork.app */;
			productType = "com.apple.product-type.application";
		};
/* End PBXNativeTarget section */

/* Begin PBXProject section */
		B96D02321E36442800F5D2E0 /* Project object */ = {
			isa = PBXProject;
			attributes = {
				LastSwiftUpdateCheck = 0820;
				LastUpgradeCheck = 0820;
				ORGANIZATIONNAME = C4Q;
				TargetAttributes = {
					B96D02391E36442800F5D2E0 = {
						CreatedOnToolsVersion = 8.2.1;
						DevelopmentTeam = HE49DGANQ2;
						ProvisioningStyle = Automatic;
					};
				};
			};
			buildConfigurationList = B96D02351E36442800F5D2E0 /* Build configuration list for PBXProject "PhImageHomeWork" */;
			compatibilityVersion = "Xcode 3.2";
			developmentRegion = English;
			hasScannedForEncodings = 0;
			knownRegions = (
				en,
				Base,
			);
			mainGroup = B96D02311E36442800F5D2E0;
			productRefGroup = B96D023B1E36442800F5D2E0 /* Products */;
			projectDirPath = "";
			projectRoot = "";
			targets = (
				B96D02391E36442800F5D2E0 /* PhImageHomeWork */,
			);
		};
/* End PBXProject section */

/* Begin PBXResourcesBuildPhase section */
		B96D02381E36442800F5D2E0 /* Resources */ = {
			isa = PBXResourcesBuildPhase;
			buildActionMask = 2147483647;
			files = (
				B96D02481E36442800F5D2E0 /* LaunchScreen.storyboard in Resources */,
				B96D02451E36442800F5D2E0 /* Assets.xcassets in Resources */,
				B96D02431E36442800F5D2E0 /* Main.storyboard in Resources */,
			);
			runOnlyForDeploymentPostprocessing = 0;
		};
/* End PBXResourcesBuildPhase section */

/* Begin PBXSourcesBuildPhase section */
		B96D02361E36442800F5D2E0 /* Sources */ = {
			isa = PBXSourcesBuildPhase;
			buildActionMask = 2147483647;
			files = (
				B96D02401E36442800F5D2E0 /* ViewController.swift in Sources */,
				B96D02501E3644BF00F5D2E0 /* TableViewController.swift in Sources */,
				B96D023E1E36442800F5D2E0 /* AppDelegate.swift in Sources */,
			);
			runOnlyForDeploymentPostprocessing = 0;
		};
/* End PBXSourcesBuildPhase section */

/* Begin PBXVariantGroup section */
		B96D02411E36442800F5D2E0 /* Main.storyboard */ = {
			isa = PBXVariantGroup;
			children = (
				B96D02421E36442800F5D2E0 /* Base */,
			);
			name = Main.storyboard;
			sourceTree = "<group>";
		};
		B96D02461E36442800F5D2E0 /* LaunchScreen.storyboard */ = {
			isa = PBXVariantGroup;
			children = (
				B96D02471E36442800F5D2E0 /* Base */,
			);
			name = LaunchScreen.storyboard;
			sourceTree = "<group>";
		};
/* End PBXVariantGroup section */

/* Begin XCBuildConfiguration section */
		B96D024A1E36442800F5D2E0 /* Debug */ = {
			isa = XCBuildConfiguration;
			buildSettings = {
				ALWAYS_SEARCH_USER_PATHS = NO;
				CLANG_ANALYZER_NONNULL = YES;
				CLANG_CXX_LANGUAGE_STANDARD = "gnu++0x";
				CLANG_CXX_LIBRARY = "libc++";
				CLANG_ENABLE_MODULES = YES;
				CLANG_ENABLE_OBJC_ARC = YES;
				CLANG_WARN_BOOL_CONVERSION = YES;
				CLANG_WARN_CONSTANT_CONVERSION = YES;
				CLANG_WARN_DIRECT_OBJC_ISA_USAGE = YES_ERROR;
				CLANG_WARN_DOCUMENTATION_COMMENTS = YES;
				CLANG_WARN_EMPTY_BODY = YES;
				CLANG_WARN_ENUM_CONVERSION = YES;
				CLANG_WARN_INFINITE_RECURSION = YES;
				CLANG_WARN_INT_CONVERSION = YES;
				CLANG_WARN_OBJC_ROOT_CLASS = YES_ERROR;
				CLANG_WARN_SUSPICIOUS_MOVE = YES;
				CLANG_WARN_UNREACHABLE_CODE = YES;
				CLANG_WARN__DUPLICATE_METHOD_MATCH = YES;
				"CODE_SIGN_IDENTITY[sdk=iphoneos*]" = "iPhone Developer";
				COPY_PHASE_STRIP = NO;
				DEBUG_INFORMATION_FORMAT = dwarf;
				ENABLE_STRICT_OBJC_MSGSEND = YES;
				ENABLE_TESTABILITY = YES;
				GCC_C_LANGUAGE_STANDARD = gnu99;
				GCC_DYNAMIC_NO_PIC = NO;
				GCC_NO_COMMON_BLOCKS = YES;
				GCC_OPTIMIZATION_LEVEL = 0;
				GCC_PREPROCESSOR_DEFINITIONS = (
					"DEBUG=1",
					"$(inherited)",
				);
				GCC_WARN_64_TO_32_BIT_CONVERSION = YES;
				GCC_WARN_ABOUT_RETURN_TYPE = YES_ERROR;
				GCC_WARN_UNDECLARED_SELECTOR = YES;
				GCC_WARN_UNINITIALIZED_AUTOS = YES_AGGRESSIVE;
				GCC_WARN_UNUSED_FUNCTION = YES;
				GCC_WARN_UNUSED_VARIABLE = YES;
				IPHONEOS_DEPLOYMENT_TARGET = 10.2;
				MTL_ENABLE_DEBUG_INFO = YES;
				ONLY_ACTIVE_ARCH = YES;
				SDKROOT = iphoneos;
				SWIFT_ACTIVE_COMPILATION_CONDITIONS = DEBUG;
				SWIFT_OPTIMIZATION_LEVEL = "-Onone";
				TARGETED_DEVICE_FAMILY = "1,2";
			};
			name = Debug;
		};
		B96D024B1E36442800F5D2E0 /* Release */ = {
			isa = XCBuildConfiguration;
			buildSettings = {
				ALWAYS_SEARCH_USER_PATHS = NO;
				CLANG_ANALYZER_NONNULL = YES;
				CLANG_CXX_LANGUAGE_STANDARD = "gnu++0x";
				CLANG_CXX_LIBRARY = "libc++";
				CLANG_ENABLE_MODULES = YES;
				CLANG_ENABLE_OBJC_ARC = YES;
				CLANG_WARN_BOOL_CONVERSION = YES;
				CLANG_WARN_CONSTANT_CONVERSION = YES;
				CLANG_WARN_DIRECT_OBJC_ISA_USAGE = YES_ERROR;
				CLANG_WARN_DOCUMENTATION_COMMENTS = YES;
				CLANG_WARN_EMPTY_BODY = YES;
				CLANG_WARN_ENUM_CONVERSION = YES;
				CLANG_WARN_INFINITE_RECURSION = YES;
				CLANG_WARN_INT_CONVERSION = YES;
				CLANG_WARN_OBJC_ROOT_CLASS = YES_ERROR;
				CLANG_WARN_SUSPICIOUS_MOVE = YES;
				CLANG_WARN_UNREACHABLE_CODE = YES;
				CLANG_WARN__DUPLICATE_METHOD_MATCH = YES;
				"CODE_SIGN_IDENTITY[sdk=iphoneos*]" = "iPhone Developer";
				COPY_PHASE_STRIP = NO;
				DEBUG_INFORMATION_FORMAT = "dwarf-with-dsym";
				ENABLE_NS_ASSERTIONS = NO;
				ENABLE_STRICT_OBJC_MSGSEND = YES;
				GCC_C_LANGUAGE_STANDARD = gnu99;
				GCC_NO_COMMON_BLOCKS = YES;
				GCC_WARN_64_TO_32_BIT_CONVERSION = YES;
				GCC_WARN_ABOUT_RETURN_TYPE = YES_ERROR;
				GCC_WARN_UNDECLARED_SELECTOR = YES;
				GCC_WARN_UNINITIALIZED_AUTOS = YES_AGGRESSIVE;
				GCC_WARN_UNUSED_FUNCTION = YES;
				GCC_WARN_UNUSED_VARIABLE = YES;
				IPHONEOS_DEPLOYMENT_TARGET = 10.2;
				MTL_ENABLE_DEBUG_INFO = NO;
				SDKROOT = iphoneos;
				SWIFT_OPTIMIZATION_LEVEL = "-Owholemodule";
				TARGETED_DEVICE_FAMILY = "1,2";
				VALIDATE_PRODUCT = YES;
			};
			name = Release;
		};
		B96D024D1E36442800F5D2E0 /* Debug */ = {
			isa = XCBuildConfiguration;
			buildSettings = {
				ASSETCATALOG_COMPILER_APPICON_NAME = AppIcon;
				DEVELOPMENT_TEAM = HE49DGANQ2;
				INFOPLIST_FILE = PhImageHomeWork/Info.plist;
				LD_RUNPATH_SEARCH_PATHS = "$(inherited) @executable_path/Frameworks";
				PRODUCT_BUNDLE_IDENTIFIER = nyc.c4q.thinley.PhImageHomeWork;
				PRODUCT_NAME = "$(TARGET_NAME)";
				SWIFT_VERSION = 3.0;
			};
			name = Debug;
		};
		B96D024E1E36442800F5D2E0 /* Release */ = {
			isa = XCBuildConfiguration;
			buildSettings = {
				ASSETCATALOG_COMPILER_APPICON_NAME = AppIcon;
				DEVELOPMENT_TEAM = HE49DGANQ2;
				INFOPLIST_FILE = PhImageHomeWork/Info.plist;
				LD_RUNPATH_SEARCH_PATHS = "$(inherited) @executable_path/Frameworks";
				PRODUCT_BUNDLE_IDENTIFIER = nyc.c4q.thinley.PhImageHomeWork;
				PRODUCT_NAME = "$(TARGET_NAME)";
				SWIFT_VERSION = 3.0;
			};
			name = Release;
		};
/* End XCBuildConfiguration section */

/* Begin XCConfigurationList section */
		B96D02351E36442800F5D2E0 /* Build configuration list for PBXProject "PhImageHomeWork" */ = {
			isa = XCConfigurationList;
			buildConfigurations = (
				B96D024A1E36442800F5D2E0 /* Debug */,
				B96D024B1E36442800F5D2E0 /* Release */,
			);
			defaultConfigurationIsVisible = 0;
			defaultConfigurationName = Release;
		};
		B96D024C1E36442800F5D2E0 /* Build configuration list for PBXNativeTarget "PhImageHomeWork" */ = {
			isa = XCConfigurationList;
			buildConfigurations = (
				B96D024D1E36442800F5D2E0 /* Debug */,
				B96D024E1E36442800F5D2E0 /* Release */,
			);
			defaultConfigurationIsVisible = 0;
		};
/* End XCConfigurationList section */
	};
	rootObject = B96D02321E36442800F5D2E0 /* Project object */;
}
