// !$*UTF8*$!
{
	archiveVersion = 1;
	classes = {
	};
	objectVersion = 46;
	objects = {

/* Begin PBXBuildFile section */
		810F4F961E35AE3A00739D48 /* AppDelegate.swift in Sources */ = {isa = PBXBuildFile; fileRef = 810F4F951E35AE3A00739D48 /* AppDelegate.swift */; };
		810F4F981E35AE3A00739D48 /* ViewController.swift in Sources */ = {isa = PBXBuildFile; fileRef = 810F4F971E35AE3A00739D48 /* ViewController.swift */; };
		810F4F9B1E35AE3A00739D48 /* Main.storyboard in Resources */ = {isa = PBXBuildFile; fileRef = 810F4F991E35AE3A00739D48 /* Main.storyboard */; };
		810F4F9E1E35AE3A00739D48 /* PhotoMoments.xcdatamodeld in Sources */ = {isa = PBXBuildFile; fileRef = 810F4F9C1E35AE3A00739D48 /* PhotoMoments.xcdatamodeld */; };
		810F4FA01E35AE3A00739D48 /* Assets.xcassets in Resources */ = {isa = PBXBuildFile; fileRef = 810F4F9F1E35AE3A00739D48 /* Assets.xcassets */; };
		810F4FA31E35AE3A00739D48 /* LaunchScreen.storyboard in Resources */ = {isa = PBXBuildFile; fileRef = 810F4FA11E35AE3A00739D48 /* LaunchScreen.storyboard */; };
		810F4FAB1E35AEC900739D48 /* TableViewController.swift in Sources */ = {isa = PBXBuildFile; fileRef = 810F4FAA1E35AEC900739D48 /* TableViewController.swift */; };
/* End PBXBuildFile section */

/* Begin PBXFileReference section */
		810F4F921E35AE3A00739D48 /* PhotoMoments.app */ = {isa = PBXFileReference; explicitFileType = wrapper.application; includeInIndex = 0; path = PhotoMoments.app; sourceTree = BUILT_PRODUCTS_DIR; };
		810F4F951E35AE3A00739D48 /* AppDelegate.swift */ = {isa = PBXFileReference; lastKnownFileType = sourcecode.swift; path = AppDelegate.swift; sourceTree = "<group>"; };
		810F4F971E35AE3A00739D48 /* ViewController.swift */ = {isa = PBXFileReference; lastKnownFileType = sourcecode.swift; path = ViewController.swift; sourceTree = "<group>"; };
		810F4F9A1E35AE3A00739D48 /* Base */ = {isa = PBXFileReference; lastKnownFileType = file.storyboard; name = Base; path = Base.lproj/Main.storyboard; sourceTree = "<group>"; };
		810F4F9D1E35AE3A00739D48 /* PhotoMoments.xcdatamodel */ = {isa = PBXFileReference; lastKnownFileType = wrapper.xcdatamodel; path = PhotoMoments.xcdatamodel; sourceTree = "<group>"; };
		810F4F9F1E35AE3A00739D48 /* Assets.xcassets */ = {isa = PBXFileReference; lastKnownFileType = folder.assetcatalog; path = Assets.xcassets; sourceTree = "<group>"; };
		810F4FA21E35AE3A00739D48 /* Base */ = {isa = PBXFileReference; lastKnownFileType = file.storyboard; name = Base; path = Base.lproj/LaunchScreen.storyboard; sourceTree = "<group>"; };
		810F4FA41E35AE3A00739D48 /* Info.plist */ = {isa = PBXFileReference; lastKnownFileType = text.plist.xml; path = Info.plist; sourceTree = "<group>"; };
		810F4FAA1E35AEC900739D48 /* TableViewController.swift */ = {isa = PBXFileReference; fileEncoding = 4; lastKnownFileType = sourcecode.swift; path = TableViewController.swift; sourceTree = "<group>"; };
/* End PBXFileReference section */

/* Begin PBXFrameworksBuildPhase section */
		810F4F8F1E35AE3A00739D48 /* Frameworks */ = {
			isa = PBXFrameworksBuildPhase;
			buildActionMask = 2147483647;
			files = (
			);
			runOnlyForDeploymentPostprocessing = 0;
		};
/* End PBXFrameworksBuildPhase section */

/* Begin PBXGroup section */
		810F4F891E35AE3900739D48 = {
			isa = PBXGroup;
			children = (
				810F4F941E35AE3A00739D48 /* PhotoMoments */,
				810F4F931E35AE3A00739D48 /* Products */,
			);
			sourceTree = "<group>";
		};
		810F4F931E35AE3A00739D48 /* Products */ = {
			isa = PBXGroup;
			children = (
				810F4F921E35AE3A00739D48 /* PhotoMoments.app */,
			);
			name = Products;
			sourceTree = "<group>";
		};
		810F4F941E35AE3A00739D48 /* PhotoMoments */ = {
			isa = PBXGroup;
			children = (
				810F4F951E35AE3A00739D48 /* AppDelegate.swift */,
				810F4F971E35AE3A00739D48 /* ViewController.swift */,
				810F4FAA1E35AEC900739D48 /* TableViewController.swift */,
				810F4F991E35AE3A00739D48 /* Main.storyboard */,
				810F4F9F1E35AE3A00739D48 /* Assets.xcassets */,
				810F4FA11E35AE3A00739D48 /* LaunchScreen.storyboard */,
				810F4FA41E35AE3A00739D48 /* Info.plist */,
				810F4F9C1E35AE3A00739D48 /* PhotoMoments.xcdatamodeld */,
			);
			path = PhotoMoments;
			sourceTree = "<group>";
		};
/* End PBXGroup section */

/* Begin PBXNativeTarget section */
		810F4F911E35AE3A00739D48 /* PhotoMoments */ = {
			isa = PBXNativeTarget;
			buildConfigurationList = 810F4FA71E35AE3A00739D48 /* Build configuration list for PBXNativeTarget "PhotoMoments" */;
			buildPhases = (
				810F4F8E1E35AE3A00739D48 /* Sources */,
				810F4F8F1E35AE3A00739D48 /* Frameworks */,
				810F4F901E35AE3A00739D48 /* Resources */,
			);
			buildRules = (
			);
			dependencies = (
			);
			name = PhotoMoments;
			productName = PhotoMoments;
			productReference = 810F4F921E35AE3A00739D48 /* PhotoMoments.app */;
			productType = "com.apple.product-type.application";
		};
/* End PBXNativeTarget section */

/* Begin PBXProject section */
		810F4F8A1E35AE3A00739D48 /* Project object */ = {
			isa = PBXProject;
			attributes = {
				LastSwiftUpdateCheck = 0820;
				LastUpgradeCheck = 0820;
				ORGANIZATIONNAME = C4Q;
				TargetAttributes = {
					810F4F911E35AE3A00739D48 = {
						CreatedOnToolsVersion = 8.2.1;
						ProvisioningStyle = Automatic;
					};
				};
			};
			buildConfigurationList = 810F4F8D1E35AE3A00739D48 /* Build configuration list for PBXProject "PhotoMoments" */;
			compatibilityVersion = "Xcode 3.2";
			developmentRegion = English;
			hasScannedForEncodings = 0;
			knownRegions = (
				en,
				Base,
			);
			mainGroup = 810F4F891E35AE3900739D48;
			productRefGroup = 810F4F931E35AE3A00739D48 /* Products */;
			projectDirPath = "";
			projectRoot = "";
			targets = (
				810F4F911E35AE3A00739D48 /* PhotoMoments */,
			);
		};
/* End PBXProject section */

/* Begin PBXResourcesBuildPhase section */
		810F4F901E35AE3A00739D48 /* Resources */ = {
			isa = PBXResourcesBuildPhase;
			buildActionMask = 2147483647;
			files = (
				810F4FA31E35AE3A00739D48 /* LaunchScreen.storyboard in Resources */,
				810F4FA01E35AE3A00739D48 /* Assets.xcassets in Resources */,
				810F4F9B1E35AE3A00739D48 /* Main.storyboard in Resources */,
			);
			runOnlyForDeploymentPostprocessing = 0;
		};
/* End PBXResourcesBuildPhase section */

/* Begin PBXSourcesBuildPhase section */
		810F4F8E1E35AE3A00739D48 /* Sources */ = {
			isa = PBXSourcesBuildPhase;
			buildActionMask = 2147483647;
			files = (
				810F4F981E35AE3A00739D48 /* ViewController.swift in Sources */,
				810F4F9E1E35AE3A00739D48 /* PhotoMoments.xcdatamodeld in Sources */,
				810F4F961E35AE3A00739D48 /* AppDelegate.swift in Sources */,
				810F4FAB1E35AEC900739D48 /* TableViewController.swift in Sources */,
			);
			runOnlyForDeploymentPostprocessing = 0;
		};
/* End PBXSourcesBuildPhase section */

/* Begin PBXVariantGroup section */
		810F4F991E35AE3A00739D48 /* Main.storyboard */ = {
			isa = PBXVariantGroup;
			children = (
				810F4F9A1E35AE3A00739D48 /* Base */,
			);
			name = Main.storyboard;
			sourceTree = "<group>";
		};
		810F4FA11E35AE3A00739D48 /* LaunchScreen.storyboard */ = {
			isa = PBXVariantGroup;
			children = (
				810F4FA21E35AE3A00739D48 /* Base */,
			);
			name = LaunchScreen.storyboard;
			sourceTree = "<group>";
		};
/* End PBXVariantGroup section */

/* Begin XCBuildConfiguration section */
		810F4FA51E35AE3A00739D48 /* Debug */ = {
			isa = XCBuildConfiguration;
			buildSettings = {
				ALWAYS_SEARCH_USER_PATHS = NO;
				CLANG_ANALYZER_NONNULL = YES;
				CLANG_CXX_LANGUAGE_STANDARD = "gnu++0x";
				CLANG_CXX_LIBRARY = "libc++";
				CLANG_ENABLE_MODULES = YES;
				CLANG_ENABLE_OBJC_ARC = YES;
				CLANG_WARN_BOOL_CONVERSION = YES;
				CLANG_WARN_CONSTANT_CONVERSION = YES;
				CLANG_WARN_DIRECT_OBJC_ISA_USAGE = YES_ERROR;
				CLANG_WARN_DOCUMENTATION_COMMENTS = YES;
				CLANG_WARN_EMPTY_BODY = YES;
				CLANG_WARN_ENUM_CONVERSION = YES;
				CLANG_WARN_INFINITE_RECURSION = YES;
				CLANG_WARN_INT_CONVERSION = YES;
				CLANG_WARN_OBJC_ROOT_CLASS = YES_ERROR;
				CLANG_WARN_SUSPICIOUS_MOVE = YES;
				CLANG_WARN_UNREACHABLE_CODE = YES;
				CLANG_WARN__DUPLICATE_METHOD_MATCH = YES;
				"CODE_SIGN_IDENTITY[sdk=iphoneos*]" = "iPhone Developer";
				COPY_PHASE_STRIP = NO;
				DEBUG_INFORMATION_FORMAT = dwarf;
				ENABLE_STRICT_OBJC_MSGSEND = YES;
				ENABLE_TESTABILITY = YES;
				GCC_C_LANGUAGE_STANDARD = gnu99;
				GCC_DYNAMIC_NO_PIC = NO;
				GCC_NO_COMMON_BLOCKS = YES;
				GCC_OPTIMIZATION_LEVEL = 0;
				GCC_PREPROCESSOR_DEFINITIONS = (
					"DEBUG=1",
					"$(inherited)",
				);
				GCC_WARN_64_TO_32_BIT_CONVERSION = YES;
				GCC_WARN_ABOUT_RETURN_TYPE = YES_ERROR;
				GCC_WARN_UNDECLARED_SELECTOR = YES;
				GCC_WARN_UNINITIALIZED_AUTOS = YES_AGGRESSIVE;
				GCC_WARN_UNUSED_FUNCTION = YES;
				GCC_WARN_UNUSED_VARIABLE = YES;
				IPHONEOS_DEPLOYMENT_TARGET = 10.2;
				MTL_ENABLE_DEBUG_INFO = YES;
				ONLY_ACTIVE_ARCH = YES;
				SDKROOT = iphoneos;
				SWIFT_ACTIVE_COMPILATION_CONDITIONS = DEBUG;
				SWIFT_OPTIMIZATION_LEVEL = "-Onone";
				TARGETED_DEVICE_FAMILY = "1,2";
			};
			name = Debug;
		};
		810F4FA61E35AE3A00739D48 /* Release */ = {
			isa = XCBuildConfiguration;
			buildSettings = {
				ALWAYS_SEARCH_USER_PATHS = NO;
				CLANG_ANALYZER_NONNULL = YES;
				CLANG_CXX_LANGUAGE_STANDARD = "gnu++0x";
				CLANG_CXX_LIBRARY = "libc++";
				CLANG_ENABLE_MODULES = YES;
				CLANG_ENABLE_OBJC_ARC = YES;
				CLANG_WARN_BOOL_CONVERSION = YES;
				CLANG_WARN_CONSTANT_CONVERSION = YES;
				CLANG_WARN_DIRECT_OBJC_ISA_USAGE = YES_ERROR;
				CLANG_WARN_DOCUMENTATION_COMMENTS = YES;
				CLANG_WARN_EMPTY_BODY = YES;
				CLANG_WARN_ENUM_CONVERSION = YES;
				CLANG_WARN_INFINITE_RECURSION = YES;
				CLANG_WARN_INT_CONVERSION = YES;
				CLANG_WARN_OBJC_ROOT_CLASS = YES_ERROR;
				CLANG_WARN_SUSPICIOUS_MOVE = YES;
				CLANG_WARN_UNREACHABLE_CODE = YES;
				CLANG_WARN__DUPLICATE_METHOD_MATCH = YES;
				"CODE_SIGN_IDENTITY[sdk=iphoneos*]" = "iPhone Developer";
				COPY_PHASE_STRIP = NO;
				DEBUG_INFORMATION_FORMAT = "dwarf-with-dsym";
				ENABLE_NS_ASSERTIONS = NO;
				ENABLE_STRICT_OBJC_MSGSEND = YES;
				GCC_C_LANGUAGE_STANDARD = gnu99;
				GCC_NO_COMMON_BLOCKS = YES;
				GCC_WARN_64_TO_32_BIT_CONVERSION = YES;
				GCC_WARN_ABOUT_RETURN_TYPE = YES_ERROR;
				GCC_WARN_UNDECLARED_SELECTOR = YES;
				GCC_WARN_UNINITIALIZED_AUTOS = YES_AGGRESSIVE;
				GCC_WARN_UNUSED_FUNCTION = YES;
				GCC_WARN_UNUSED_VARIABLE = YES;
				IPHONEOS_DEPLOYMENT_TARGET = 10.2;
				MTL_ENABLE_DEBUG_INFO = NO;
				SDKROOT = iphoneos;
				SWIFT_OPTIMIZATION_LEVEL = "-Owholemodule";
				TARGETED_DEVICE_FAMILY = "1,2";
				VALIDATE_PRODUCT = YES;
			};
			name = Release;
		};
		810F4FA81E35AE3A00739D48 /* Debug */ = {
			isa = XCBuildConfiguration;
			buildSettings = {
				ASSETCATALOG_COMPILER_APPICON_NAME = AppIcon;
				INFOPLIST_FILE = PhotoMoments/Info.plist;
				LD_RUNPATH_SEARCH_PATHS = "$(inherited) @executable_path/Frameworks";
				PRODUCT_BUNDLE_IDENTIFIER = nyc.c4q.liamkane.PhotoMoments;
				PRODUCT_NAME = "$(TARGET_NAME)";
				SWIFT_VERSION = 3.0;
			};
			name = Debug;
		};
		810F4FA91E35AE3A00739D48 /* Release */ = {
			isa = XCBuildConfiguration;
			buildSettings = {
				ASSETCATALOG_COMPILER_APPICON_NAME = AppIcon;
				INFOPLIST_FILE = PhotoMoments/Info.plist;
				LD_RUNPATH_SEARCH_PATHS = "$(inherited) @executable_path/Frameworks";
				PRODUCT_BUNDLE_IDENTIFIER = nyc.c4q.liamkane.PhotoMoments;
				PRODUCT_NAME = "$(TARGET_NAME)";
				SWIFT_VERSION = 3.0;
			};
			name = Release;
		};
/* End XCBuildConfiguration section */

/* Begin XCConfigurationList section */
		810F4F8D1E35AE3A00739D48 /* Build configuration list for PBXProject "PhotoMoments" */ = {
			isa = XCConfigurationList;
			buildConfigurations = (
				810F4FA51E35AE3A00739D48 /* Debug */,
				810F4FA61E35AE3A00739D48 /* Release */,
			);
			defaultConfigurationIsVisible = 0;
			defaultConfigurationName = Release;
		};
		810F4FA71E35AE3A00739D48 /* Build configuration list for PBXNativeTarget "PhotoMoments" */ = {
			isa = XCConfigurationList;
			buildConfigurations = (
				810F4FA81E35AE3A00739D48 /* Debug */,
				810F4FA91E35AE3A00739D48 /* Release */,
			);
			defaultConfigurationIsVisible = 0;
		};
/* End XCConfigurationList section */

/* Begin XCVersionGroup section */
		810F4F9C1E35AE3A00739D48 /* PhotoMoments.xcdatamodeld */ = {
			isa = XCVersionGroup;
			children = (
				810F4F9D1E35AE3A00739D48 /* PhotoMoments.xcdatamodel */,
			);
			currentVersion = 810F4F9D1E35AE3A00739D48 /* PhotoMoments.xcdatamodel */;
			path = PhotoMoments.xcdatamodeld;
			sourceTree = "<group>";
			versionGroupType = wrapper.xcdatamodel;
		};
/* End XCVersionGroup section */
	};
	rootObject = 810F4F8A1E35AE3A00739D48 /* Project object */;
}
